
Microsoft Visual Studio Solution File, Format Version 12.00
# Visual Studio Version 17
VisualStudioVersion = 17.4.33103.184
MinimumVisualStudioVersion = 10.0.40219.1
Project("{9A19103F-16F7-4668-BE54-9A1E7A4F7556}") = "GrokkingAlgorithms", "GrokkingAlgorithms.csproj", "{2020780D-3A62-46DA-9EF5-171D137569E9}"
EndProject
Project("{FAE04EC0-301F-11D3-BF4B-00C04F79EFBC}") = "GrokkingAlgorithmsXUnit", "..\GrokkingAlgorithmsXUnit\GrokkingAlgorithmsXUnit.csproj", "{CD13969A-12DE-4100-B507-A17B3AB0EC78}"
EndProject
Global
	GlobalSection(SolutionConfigurationPlatforms) = preSolution
		Debug|Any CPU = Debug|Any CPU
		Release|Any CPU = Release|Any CPU
	EndGlobalSection
	GlobalSection(ProjectConfigurationPlatforms) = postSolution
		{2020780D-3A62-46DA-9EF5-171D137569E9}.Debug|Any CPU.ActiveCfg = Debug|Any CPU
		{2020780D-3A62-46DA-9EF5-171D137569E9}.Debug|Any CPU.Build.0 = Debug|Any CPU
		{2020780D-3A62-46DA-9EF5-171D137569E9}.Release|Any CPU.ActiveCfg = Release|Any CPU
		{2020780D-3A62-46DA-9EF5-171D137569E9}.Release|Any CPU.Build.0 = Release|Any CPU
		{CD13969A-12DE-4100-B507-A17B3AB0EC78}.Debug|Any CPU.ActiveCfg = Debug|Any CPU
		{CD13969A-12DE-4100-B507-A17B3AB0EC78}.Debug|Any CPU.Build.0 = Debug|Any CPU
		{CD13969A-12DE-4100-B507-A17B3AB0EC78}.Release|Any CPU.ActiveCfg = Release|Any CPU
		{CD13969A-12DE-4100-B507-A17B3AB0EC78}.Release|Any CPU.Build.0 = Release|Any CPU
	EndGlobalSection
	GlobalSection(SolutionProperties) = preSolution
		HideSolutionNode = FALSE
	EndGlobalSection
	GlobalSection(ExtensibilityGlobals) = postSolution
		SolutionGuid = {075BA82E-56B2-4150-97C2-D53E346BDB59}
	EndGlobalSection
EndGlobal
